
Microsoft Visual Studio Solution File, Format Version 12.00
# Visual Studio Version 17
VisualStudioVersion = 17.5.33530.505
MinimumVisualStudioVersion = 10.0.40219.1
Project("{FAE04EC0-301F-11D3-BF4B-00C04F79EFBC}") = "TrabalhandoComArray", "TrabalhandoComArray\TrabalhandoComArray.csproj", "{56E3D1B5-3C86-44A6-BF82-8E205EE17DBA}"
EndProject
Global
	GlobalSection(SolutionConfigurationPlatforms) = preSolution
		Debug|Any CPU = Debug|Any CPU
		Release|Any CPU = Release|Any CPU
	EndGlobalSection
	GlobalSection(ProjectConfigurationPlatforms) = postSolution
		{56E3D1B5-3C86-44A6-BF82-8E205EE17DBA}.Debug|Any CPU.ActiveCfg = Debug|Any CPU
		{56E3D1B5-3C86-44A6-BF82-8E205EE17DBA}.Debug|Any CPU.Build.0 = Debug|Any CPU
		{56E3D1B5-3C86-44A6-BF82-8E205EE17DBA}.Release|Any CPU.ActiveCfg = Release|Any CPU
		{56E3D1B5-3C86-44A6-BF82-8E205EE17DBA}.Release|Any CPU.Build.0 = Release|Any CPU
	EndGlobalSection
	GlobalSection(SolutionProperties) = preSolution
		HideSolutionNode = FALSE
	EndGlobalSection
	GlobalSection(ExtensibilityGlobals) = postSolution
		SolutionGuid = {063407B2-9A90-4956-9A99-FB911BB269CA}
	EndGlobalSection
EndGlobal
