
Microsoft Visual Studio Solution File, Format Version 12.00
# Visual Studio Version 17
VisualStudioVersion = 17.5.33530.505
MinimumVisualStudioVersion = 10.0.40219.1
Project("{FAE04EC0-301F-11D3-BF4B-00C04F79EFBC}") = "SistemaBibilioteca", "SistemaBibilioteca\SistemaBibilioteca.csproj", "{C4DF16B8-518D-4A7E-AF28-259DBCA25882}"
EndProject
Global
	GlobalSection(SolutionConfigurationPlatforms) = preSolution
		Debug|Any CPU = Debug|Any CPU
		Release|Any CPU = Release|Any CPU
	EndGlobalSection
	GlobalSection(ProjectConfigurationPlatforms) = postSolution
		{C4DF16B8-518D-4A7E-AF28-259DBCA25882}.Debug|Any CPU.ActiveCfg = Debug|Any CPU
		{C4DF16B8-518D-4A7E-AF28-259DBCA25882}.Debug|Any CPU.Build.0 = Debug|Any CPU
		{C4DF16B8-518D-4A7E-AF28-259DBCA25882}.Release|Any CPU.ActiveCfg = Release|Any CPU
		{C4DF16B8-518D-4A7E-AF28-259DBCA25882}.Release|Any CPU.Build.0 = Release|Any CPU
	EndGlobalSection
	GlobalSection(SolutionProperties) = preSolution
		HideSolutionNode = FALSE
	EndGlobalSection
	GlobalSection(ExtensibilityGlobals) = postSolution
		SolutionGuid = {B650BF70-EE15-420E-A62D-72BF2B84DC45}
	EndGlobalSection
EndGlobal
