
Microsoft Visual Studio Solution File, Format Version 12.00
# Visual Studio Version 17
VisualStudioVersion = 17.5.33530.505
MinimumVisualStudioVersion = 10.0.40219.1
Project("{FAE04EC0-301F-11D3-BF4B-00C04F79EFBC}") = "AulaDeForms", "AulaDeForms\AulaDeForms.csproj", "{4DEC7CED-DF15-46E2-9A29-50EDA024A5B5}"
EndProject
Global
	GlobalSection(SolutionConfigurationPlatforms) = preSolution
		Debug|Any CPU = Debug|Any CPU
		Release|Any CPU = Release|Any CPU
	EndGlobalSection
	GlobalSection(ProjectConfigurationPlatforms) = postSolution
		{4DEC7CED-DF15-46E2-9A29-50EDA024A5B5}.Debug|Any CPU.ActiveCfg = Debug|Any CPU
		{4DEC7CED-DF15-46E2-9A29-50EDA024A5B5}.Debug|Any CPU.Build.0 = Debug|Any CPU
		{4DEC7CED-DF15-46E2-9A29-50EDA024A5B5}.Release|Any CPU.ActiveCfg = Release|Any CPU
		{4DEC7CED-DF15-46E2-9A29-50EDA024A5B5}.Release|Any CPU.Build.0 = Release|Any CPU
	EndGlobalSection
	GlobalSection(SolutionProperties) = preSolution
		HideSolutionNode = FALSE
	EndGlobalSection
	GlobalSection(ExtensibilityGlobals) = postSolution
		SolutionGuid = {C25FCAE2-28B6-463C-9748-EB3826553759}
	EndGlobalSection
EndGlobal
